
Microsoft Visual Studio Solution File, Format Version 12.00
# Visual Studio Version 17
VisualStudioVersion = 17.8.34525.116
MinimumVisualStudioVersion = 10.0.40219.1
Project("{FAE04EC0-301F-11D3-BF4B-00C04F79EFBC}") = "HOTEL", "HOTEL\HOTEL.csproj", "{75D38737-E572-4589-870B-F40775DD1742}"
EndProject
Global
	GlobalSection(SolutionConfigurationPlatforms) = preSolution
		Debug|Any CPU = Debug|Any CPU
		Release|Any CPU = Release|Any CPU
	EndGlobalSection
	GlobalSection(ProjectConfigurationPlatforms) = postSolution
		{75D38737-E572-4589-870B-F40775DD1742}.Debug|Any CPU.ActiveCfg = Debug|Any CPU
		{75D38737-E572-4589-870B-F40775DD1742}.Debug|Any CPU.Build.0 = Debug|Any CPU
		{75D38737-E572-4589-870B-F40775DD1742}.Release|Any CPU.ActiveCfg = Release|Any CPU
		{75D38737-E572-4589-870B-F40775DD1742}.Release|Any CPU.Build.0 = Release|Any CPU
	EndGlobalSection
	GlobalSection(SolutionProperties) = preSolution
		HideSolutionNode = FALSE
	EndGlobalSection
	GlobalSection(ExtensibilityGlobals) = postSolution
		SolutionGuid = {6EF39F81-B277-4266-A372-BCDB2B433D4C}
	EndGlobalSection
EndGlobal
